
Microsoft Visual Studio Solution File, Format Version 12.00
# Visual Studio 2012
Project("{FAE04EC0-301F-11D3-BF4B-00C04F79EFBC}") = "EventStore.Persistence.RavenPersistence", "proj\EventStore.Persistence.RavenPersistence\EventStore.Persistence.RavenPersistence.csproj", "{F9E7FD69-0818-48CA-9249-5387739E1B6A}"
EndProject
Project("{FAE04EC0-301F-11D3-BF4B-00C04F79EFBC}") = "EventStore.Persistence.RavenPersistence.Wireup", "proj\EventStore.Persistence.RavenPersistence.Wireup\EventStore.Persistence.RavenPersistence.Wireup.csproj", "{A99B2B16-B6BE-4B83-ACE0-56A734DB9AEF}"
EndProject
Project("{2150E333-8FDC-42A3-9474-1A3956D46DE8}") = "proj", "proj", "{59B395E4-9921-47C4-83B6-1C036E46E568}"
EndProject
Global
	GlobalSection(SolutionConfigurationPlatforms) = preSolution
		Debug|Any CPU = Debug|Any CPU
		Release|Any CPU = Release|Any CPU
	EndGlobalSection
	GlobalSection(ProjectConfigurationPlatforms) = postSolution
		{F9E7FD69-0818-48CA-9249-5387739E1B6A}.Debug|Any CPU.ActiveCfg = Debug|Any CPU
		{F9E7FD69-0818-48CA-9249-5387739E1B6A}.Debug|Any CPU.Build.0 = Debug|Any CPU
		{F9E7FD69-0818-48CA-9249-5387739E1B6A}.Release|Any CPU.ActiveCfg = Release|Any CPU
		{F9E7FD69-0818-48CA-9249-5387739E1B6A}.Release|Any CPU.Build.0 = Release|Any CPU
		{A99B2B16-B6BE-4B83-ACE0-56A734DB9AEF}.Debug|Any CPU.ActiveCfg = Debug|Any CPU
		{A99B2B16-B6BE-4B83-ACE0-56A734DB9AEF}.Debug|Any CPU.Build.0 = Debug|Any CPU
		{A99B2B16-B6BE-4B83-ACE0-56A734DB9AEF}.Release|Any CPU.ActiveCfg = Release|Any CPU
		{A99B2B16-B6BE-4B83-ACE0-56A734DB9AEF}.Release|Any CPU.Build.0 = Release|Any CPU
	EndGlobalSection
	GlobalSection(SolutionProperties) = preSolution
		HideSolutionNode = FALSE
	EndGlobalSection
	GlobalSection(NestedProjects) = preSolution
		{F9E7FD69-0818-48CA-9249-5387739E1B6A} = {59B395E4-9921-47C4-83B6-1C036E46E568}
		{A99B2B16-B6BE-4B83-ACE0-56A734DB9AEF} = {59B395E4-9921-47C4-83B6-1C036E46E568}
	EndGlobalSection
EndGlobal
